
Microsoft Visual Studio Solution File, Format Version 12.00
# Visual Studio Version 17
VisualStudioVersion = 17.6.33712.159
MinimumVisualStudioVersion = 10.0.40219.1
Project("{FAE04EC0-301F-11D3-BF4B-00C04F79EFBC}") = "j", "j.csproj", "{C2D2ED72-AC6F-4AFF-82CB-02CFDD577274}"
EndProject
Global
	GlobalSection(SolutionConfigurationPlatforms) = preSolution
		Debug|Any CPU = Debug|Any CPU
		Release|Any CPU = Release|Any CPU
	EndGlobalSection
	GlobalSection(ProjectConfigurationPlatforms) = postSolution
		{C2D2ED72-AC6F-4AFF-82CB-02CFDD577274}.Debug|Any CPU.ActiveCfg = Debug|Any CPU
		{C2D2ED72-AC6F-4AFF-82CB-02CFDD577274}.Debug|Any CPU.Build.0 = Debug|Any CPU
		{C2D2ED72-AC6F-4AFF-82CB-02CFDD577274}.Release|Any CPU.ActiveCfg = Release|Any CPU
		{C2D2ED72-AC6F-4AFF-82CB-02CFDD577274}.Release|Any CPU.Build.0 = Release|Any CPU
	EndGlobalSection
	GlobalSection(SolutionProperties) = preSolution
		HideSolutionNode = FALSE
	EndGlobalSection
	GlobalSection(ExtensibilityGlobals) = postSolution
		SolutionGuid = {B26DFA65-D4B5-4CC4-A08E-FBF589E9FA38}
	EndGlobalSection
EndGlobal
